
Microsoft Visual Studio Solution File, Format Version 12.00
# Visual Studio Version 17
VisualStudioVersion = 17.4.33213.308
MinimumVisualStudioVersion = 10.0.40219.1
Project("{9A19103F-16F7-4668-BE54-9A1E7A4F7556}") = "WebApplication1", "WebApplication1.csproj", "{FB70EFB0-9A75-456E-A56E-34B6FADC9983}"
EndProject
Global
	GlobalSection(SolutionConfigurationPlatforms) = preSolution
		Debug|Any CPU = Debug|Any CPU
		Release|Any CPU = Release|Any CPU
	EndGlobalSection
	GlobalSection(ProjectConfigurationPlatforms) = postSolution
		{FB70EFB0-9A75-456E-A56E-34B6FADC9983}.Debug|Any CPU.ActiveCfg = Debug|Any CPU
		{FB70EFB0-9A75-456E-A56E-34B6FADC9983}.Debug|Any CPU.Build.0 = Debug|Any CPU
		{FB70EFB0-9A75-456E-A56E-34B6FADC9983}.Release|Any CPU.ActiveCfg = Release|Any CPU
		{FB70EFB0-9A75-456E-A56E-34B6FADC9983}.Release|Any CPU.Build.0 = Release|Any CPU
	EndGlobalSection
	GlobalSection(SolutionProperties) = preSolution
		HideSolutionNode = FALSE
	EndGlobalSection
	GlobalSection(ExtensibilityGlobals) = postSolution
		SolutionGuid = {E4F5D65F-F8B8-46BF-86E1-A30164DDCCDB}
	EndGlobalSection
EndGlobal
